
Microsoft Visual Studio Solution File, Format Version 12.00
# Visual Studio 15
Project("{FAE04EC0-301F-11D3-BF4B-00C04F79EFBC}") = "figure-out + respawn", "Assembly-CSharp.csproj", "{7E28692B-3312-0A6A-76CF-1A0D14F0A619}"
EndProject
Global
	GlobalSection(SolutionConfigurationPlatforms) = preSolution
		Debug|Any CPU = Debug|Any CPU
		Release|Any CPU = Release|Any CPU
	EndGlobalSection
	GlobalSection(ProjectConfigurationPlatforms) = postSolution
		{7E28692B-3312-0A6A-76CF-1A0D14F0A619}.Debug|Any CPU.ActiveCfg = Debug|Any CPU
		{7E28692B-3312-0A6A-76CF-1A0D14F0A619}.Debug|Any CPU.Build.0 = Debug|Any CPU
		{7E28692B-3312-0A6A-76CF-1A0D14F0A619}.Release|Any CPU.ActiveCfg = Release|Any CPU
		{7E28692B-3312-0A6A-76CF-1A0D14F0A619}.Release|Any CPU.Build.0 = Release|Any CPU
	EndGlobalSection
	GlobalSection(SolutionProperties) = preSolution
		HideSolutionNode = FALSE
	EndGlobalSection
EndGlobal
